// !$*UTF8*$!
{
	archiveVersion = 1;
	classes = {
	};
	objectVersion = 55;
	objects = {

/* Begin PBXBuildFile section */
		335ADA2227DA9F2D00194E9C /* AppDelegate.swift in Sources */ = {isa = PBXBuildFile; fileRef = 335ADA2127DA9F2D00194E9C /* AppDelegate.swift */; };
		335ADA2427DA9F2D00194E9C /* SceneDelegate.swift in Sources */ = {isa = PBXBuildFile; fileRef = 335ADA2327DA9F2D00194E9C /* SceneDelegate.swift */; };
		335ADA2627DA9F2D00194E9C /* MovieDetailsViewController.swift in Sources */ = {isa = PBXBuildFile; fileRef = 335ADA2527DA9F2D00194E9C /* MovieDetailsViewController.swift */; };
		335ADA2927DA9F2D00194E9C /* Main.storyboard in Resources */ = {isa = PBXBuildFile; fileRef = 335ADA2727DA9F2D00194E9C /* Main.storyboard */; };
		335ADA2B27DA9F2F00194E9C /* Assets.xcassets in Resources */ = {isa = PBXBuildFile; fileRef = 335ADA2A27DA9F2F00194E9C /* Assets.xcassets */; };
		335ADA2E27DA9F2F00194E9C /* LaunchScreen.storyboard in Resources */ = {isa = PBXBuildFile; fileRef = 335ADA2C27DA9F2F00194E9C /* LaunchScreen.storyboard */; };
		335ADA3627DAA7D000194E9C /* HomeCollectionViewController.swift in Sources */ = {isa = PBXBuildFile; fileRef = 335ADA3527DAA7D000194E9C /* HomeCollectionViewController.swift */; };
		335ADA3827DAAB2200194E9C /* MovieCollectionViewCell.swift in Sources */ = {isa = PBXBuildFile; fileRef = 335ADA3727DAAB2100194E9C /* MovieCollectionViewCell.swift */; };
		335ADA3C27DB6F8800194E9C /* Movie.swift in Sources */ = {isa = PBXBuildFile; fileRef = 335ADA3A27DB6F8800194E9C /* Movie.swift */; };
		335ADA3D27DB6F8800194E9C /* MoveBaseResponse.swift in Sources */ = {isa = PBXBuildFile; fileRef = 335ADA3B27DB6F8800194E9C /* MoveBaseResponse.swift */; };
		335ADA4027DB73E800194E9C /* HTTPManager.swift in Sources */ = {isa = PBXBuildFile; fileRef = 335ADA3F27DB73E800194E9C /* HTTPManager.swift */; };
		335ADA4227DB741000194E9C /* ApiManager.swift in Sources */ = {isa = PBXBuildFile; fileRef = 335ADA4127DB741000194E9C /* ApiManager.swift */; };
		FDFBBF9D520BF3836400427D /* Pods_2coderMovies.framework in Frameworks */ = {isa = PBXBuildFile; fileRef = B77E9B5A7E8C411830CB287D /* Pods_2coderMovies.framework */; };
/* End PBXBuildFile section */

/* Begin PBXFileReference section */
		335ADA1E27DA9F2D00194E9C /* 2coderMovies.app */ = {isa = PBXFileReference; explicitFileType = wrapper.application; includeInIndex = 0; path = 2coderMovies.app; sourceTree = BUILT_PRODUCTS_DIR; };
		335ADA2127DA9F2D00194E9C /* AppDelegate.swift */ = {isa = PBXFileReference; lastKnownFileType = sourcecode.swift; path = AppDelegate.swift; sourceTree = "<group>"; };
		335ADA2327DA9F2D00194E9C /* SceneDelegate.swift */ = {isa = PBXFileReference; lastKnownFileType = sourcecode.swift; path = SceneDelegate.swift; sourceTree = "<group>"; };
		335ADA2527DA9F2D00194E9C /* MovieDetailsViewController.swift */ = {isa = PBXFileReference; lastKnownFileType = sourcecode.swift; path = MovieDetailsViewController.swift; sourceTree = "<group>"; };
		335ADA2827DA9F2D00194E9C /* Base */ = {isa = PBXFileReference; lastKnownFileType = file.storyboard; name = Base; path = Base.lproj/Main.storyboard; sourceTree = "<group>"; };
		335ADA2A27DA9F2F00194E9C /* Assets.xcassets */ = {isa = PBXFileReference; lastKnownFileType = folder.assetcatalog; path = Assets.xcassets; sourceTree = "<group>"; };
		335ADA2D27DA9F2F00194E9C /* Base */ = {isa = PBXFileReference; lastKnownFileType = file.storyboard; name = Base; path = Base.lproj/LaunchScreen.storyboard; sourceTree = "<group>"; };
		335ADA2F27DA9F2F00194E9C /* Info.plist */ = {isa = PBXFileReference; lastKnownFileType = text.plist.xml; path = Info.plist; sourceTree = "<group>"; };
		335ADA3527DAA7D000194E9C /* HomeCollectionViewController.swift */ = {isa = PBXFileReference; lastKnownFileType = sourcecode.swift; path = HomeCollectionViewController.swift; sourceTree = "<group>"; };
		335ADA3727DAAB2100194E9C /* MovieCollectionViewCell.swift */ = {isa = PBXFileReference; lastKnownFileType = sourcecode.swift; path = MovieCollectionViewCell.swift; sourceTree = "<group>"; };
		335ADA3A27DB6F8800194E9C /* Movie.swift */ = {isa = PBXFileReference; fileEncoding = 4; lastKnownFileType = sourcecode.swift; path = Movie.swift; sourceTree = "<group>"; };
		335ADA3B27DB6F8800194E9C /* MoveBaseResponse.swift */ = {isa = PBXFileReference; fileEncoding = 4; lastKnownFileType = sourcecode.swift; path = MoveBaseResponse.swift; sourceTree = "<group>"; };
		335ADA3F27DB73E800194E9C /* HTTPManager.swift */ = {isa = PBXFileReference; lastKnownFileType = sourcecode.swift; path = HTTPManager.swift; sourceTree = "<group>"; };
		335ADA4127DB741000194E9C /* ApiManager.swift */ = {isa = PBXFileReference; lastKnownFileType = sourcecode.swift; path = ApiManager.swift; sourceTree = "<group>"; };
		B77E9B5A7E8C411830CB287D /* Pods_2coderMovies.framework */ = {isa = PBXFileReference; explicitFileType = wrapper.framework; includeInIndex = 0; path = Pods_2coderMovies.framework; sourceTree = BUILT_PRODUCTS_DIR; };
		E212ED190878FE82512B7222 /* Pods-2coderMovies.debug.xcconfig */ = {isa = PBXFileReference; includeInIndex = 1; lastKnownFileType = text.xcconfig; name = "Pods-2coderMovies.debug.xcconfig"; path = "Target Support Files/Pods-2coderMovies/Pods-2coderMovies.debug.xcconfig"; sourceTree = "<group>"; };
		FC24E7A6283F2245698E40CB /* Pods-2coderMovies.release.xcconfig */ = {isa = PBXFileReference; includeInIndex = 1; lastKnownFileType = text.xcconfig; name = "Pods-2coderMovies.release.xcconfig"; path = "Target Support Files/Pods-2coderMovies/Pods-2coderMovies.release.xcconfig"; sourceTree = "<group>"; };
/* End PBXFileReference section */

/* Begin PBXFrameworksBuildPhase section */
		335ADA1B27DA9F2D00194E9C /* Frameworks */ = {
			isa = PBXFrameworksBuildPhase;
			buildActionMask = 2147483647;
			files = (
				FDFBBF9D520BF3836400427D /* Pods_2coderMovies.framework in Frameworks */,
			);
			runOnlyForDeploymentPostprocessing = 0;
		};
/* End PBXFrameworksBuildPhase section */

/* Begin PBXGroup section */
		335ADA1527DA9F2D00194E9C = {
			isa = PBXGroup;
			children = (
				335ADA2027DA9F2D00194E9C /* 2coderMovies */,
				335ADA1F27DA9F2D00194E9C /* Products */,
				B0CEC4DF4F24051DF55E1C86 /* Pods */,
				B988E8E486D2553D09AEE734 /* Frameworks */,
			);
			sourceTree = "<group>";
		};
		335ADA1F27DA9F2D00194E9C /* Products */ = {
			isa = PBXGroup;
			children = (
				335ADA1E27DA9F2D00194E9C /* 2coderMovies.app */,
			);
			name = Products;
			sourceTree = "<group>";
		};
		335ADA2027DA9F2D00194E9C /* 2coderMovies */ = {
			isa = PBXGroup;
			children = (
				335ADA3E27DB73C400194E9C /* Network */,
				335ADA3927DB6F7B00194E9C /* Model */,
				335ADA2127DA9F2D00194E9C /* AppDelegate.swift */,
				335ADA2327DA9F2D00194E9C /* SceneDelegate.swift */,
				335ADA2527DA9F2D00194E9C /* MovieDetailsViewController.swift */,
				335ADA2727DA9F2D00194E9C /* Main.storyboard */,
				335ADA2A27DA9F2F00194E9C /* Assets.xcassets */,
				335ADA2C27DA9F2F00194E9C /* LaunchScreen.storyboard */,
				335ADA2F27DA9F2F00194E9C /* Info.plist */,
				335ADA3527DAA7D000194E9C /* HomeCollectionViewController.swift */,
				335ADA3727DAAB2100194E9C /* MovieCollectionViewCell.swift */,
			);
			path = 2coderMovies;
			sourceTree = "<group>";
		};
		335ADA3927DB6F7B00194E9C /* Model */ = {
			isa = PBXGroup;
			children = (
				335ADA3B27DB6F8800194E9C /* MoveBaseResponse.swift */,
				335ADA3A27DB6F8800194E9C /* Movie.swift */,
			);
			path = Model;
			sourceTree = "<group>";
		};
		335ADA3E27DB73C400194E9C /* Network */ = {
			isa = PBXGroup;
			children = (
				335ADA3F27DB73E800194E9C /* HTTPManager.swift */,
				335ADA4127DB741000194E9C /* ApiManager.swift */,
			);
			path = Network;
			sourceTree = "<group>";
		};
		B0CEC4DF4F24051DF55E1C86 /* Pods */ = {
			isa = PBXGroup;
			children = (
				E212ED190878FE82512B7222 /* Pods-2coderMovies.debug.xcconfig */,
				FC24E7A6283F2245698E40CB /* Pods-2coderMovies.release.xcconfig */,
			);
			path = Pods;
			sourceTree = "<group>";
		};
		B988E8E486D2553D09AEE734 /* Frameworks */ = {
			isa = PBXGroup;
			children = (
				B77E9B5A7E8C411830CB287D /* Pods_2coderMovies.framework */,
			);
			name = Frameworks;
			sourceTree = "<group>";
		};
/* End PBXGroup section */

/* Begin PBXNativeTarget section */
		335ADA1D27DA9F2D00194E9C /* 2coderMovies */ = {
			isa = PBXNativeTarget;
			buildConfigurationList = 335ADA3227DA9F2F00194E9C /* Build configuration list for PBXNativeTarget "2coderMovies" */;
			buildPhases = (
				16057C6DE93B16E3AA366710 /* [CP] Check Pods Manifest.lock */,
				335ADA1A27DA9F2D00194E9C /* Sources */,
				335ADA1B27DA9F2D00194E9C /* Frameworks */,
				335ADA1C27DA9F2D00194E9C /* Resources */,
				DF9E8E7EDEB1BA34DA72ED24 /* [CP] Embed Pods Frameworks */,
			);
			buildRules = (
			);
			dependencies = (
			);
			name = 2coderMovies;
			productName = 2coderMovies;
			productReference = 335ADA1E27DA9F2D00194E9C /* 2coderMovies.app */;
			productType = "com.apple.product-type.application";
		};
/* End PBXNativeTarget section */

/* Begin PBXProject section */
		335ADA1627DA9F2D00194E9C /* Project object */ = {
			isa = PBXProject;
			attributes = {
				BuildIndependentTargetsInParallel = 1;
				LastSwiftUpdateCheck = 1320;
				LastUpgradeCheck = 1320;
				TargetAttributes = {
					335ADA1D27DA9F2D00194E9C = {
						CreatedOnToolsVersion = 13.2.1;
					};
				};
			};
			buildConfigurationList = 335ADA1927DA9F2D00194E9C /* Build configuration list for PBXProject "2coderMovies" */;
			compatibilityVersion = "Xcode 13.0";
			developmentRegion = en;
			hasScannedForEncodings = 0;
			knownRegions = (
				en,
				Base,
			);
			mainGroup = 335ADA1527DA9F2D00194E9C;
			productRefGroup = 335ADA1F27DA9F2D00194E9C /* Products */;
			projectDirPath = "";
			projectRoot = "";
			targets = (
				335ADA1D27DA9F2D00194E9C /* 2coderMovies */,
			);
		};
/* End PBXProject section */

/* Begin PBXResourcesBuildPhase section */
		335ADA1C27DA9F2D00194E9C /* Resources */ = {
			isa = PBXResourcesBuildPhase;
			buildActionMask = 2147483647;
			files = (
				335ADA2E27DA9F2F00194E9C /* LaunchScreen.storyboard in Resources */,
				335ADA2B27DA9F2F00194E9C /* Assets.xcassets in Resources */,
				335ADA2927DA9F2D00194E9C /* Main.storyboard in Resources */,
			);
			runOnlyForDeploymentPostprocessing = 0;
		};
/* End PBXResourcesBuildPhase section */

/* Begin PBXShellScriptBuildPhase section */
		16057C6DE93B16E3AA366710 /* [CP] Check Pods Manifest.lock */ = {
			isa = PBXShellScriptBuildPhase;
			buildActionMask = 2147483647;
			files = (
			);
			inputFileListPaths = (
			);
			inputPaths = (
				"${PODS_PODFILE_DIR_PATH}/Podfile.lock",
				"${PODS_ROOT}/Manifest.lock",
			);
			name = "[CP] Check Pods Manifest.lock";
			outputFileListPaths = (
			);
			outputPaths = (
				"$(DERIVED_FILE_DIR)/Pods-2coderMovies-checkManifestLockResult.txt",
			);
			runOnlyForDeploymentPostprocessing = 0;
			shellPath = /bin/sh;
			shellScript = "diff \"${PODS_PODFILE_DIR_PATH}/Podfile.lock\" \"${PODS_ROOT}/Manifest.lock\" > /dev/null\nif [ $? != 0 ] ; then\n    # print error to STDERR\n    echo \"error: The sandbox is not in sync with the Podfile.lock. Run 'pod install' or update your CocoaPods installation.\" >&2\n    exit 1\nfi\n# This output is used by Xcode 'outputs' to avoid re-running this script phase.\necho \"SUCCESS\" > \"${SCRIPT_OUTPUT_FILE_0}\"\n";
			showEnvVarsInLog = 0;
		};
		DF9E8E7EDEB1BA34DA72ED24 /* [CP] Embed Pods Frameworks */ = {
			isa = PBXShellScriptBuildPhase;
			buildActionMask = 2147483647;
			files = (
			);
			inputFileListPaths = (
				"${PODS_ROOT}/Target Support Files/Pods-2coderMovies/Pods-2coderMovies-frameworks-${CONFIGURATION}-input-files.xcfilelist",
			);
			name = "[CP] Embed Pods Frameworks";
			outputFileListPaths = (
				"${PODS_ROOT}/Target Support Files/Pods-2coderMovies/Pods-2coderMovies-frameworks-${CONFIGURATION}-output-files.xcfilelist",
			);
			runOnlyForDeploymentPostprocessing = 0;
			shellPath = /bin/sh;
			shellScript = "\"${PODS_ROOT}/Target Support Files/Pods-2coderMovies/Pods-2coderMovies-frameworks.sh\"\n";
			showEnvVarsInLog = 0;
		};
/* End PBXShellScriptBuildPhase section */

/* Begin PBXSourcesBuildPhase section */
		335ADA1A27DA9F2D00194E9C /* Sources */ = {
			isa = PBXSourcesBuildPhase;
			buildActionMask = 2147483647;
			files = (
				335ADA3C27DB6F8800194E9C /* Movie.swift in Sources */,
				335ADA4227DB741000194E9C /* ApiManager.swift in Sources */,
				335ADA3827DAAB2200194E9C /* MovieCollectionViewCell.swift in Sources */,
				335ADA2627DA9F2D00194E9C /* MovieDetailsViewController.swift in Sources */,
				335ADA3627DAA7D000194E9C /* HomeCollectionViewController.swift in Sources */,
				335ADA2227DA9F2D00194E9C /* AppDelegate.swift in Sources */,
				335ADA3D27DB6F8800194E9C /* MoveBaseResponse.swift in Sources */,
				335ADA2427DA9F2D00194E9C /* SceneDelegate.swift in Sources */,
				335ADA4027DB73E800194E9C /* HTTPManager.swift in Sources */,
			);
			runOnlyForDeploymentPostprocessing = 0;
		};
/* End PBXSourcesBuildPhase section */

/* Begin PBXVariantGroup section */
		335ADA2727DA9F2D00194E9C /* Main.storyboard */ = {
			isa = PBXVariantGroup;
			children = (
				335ADA2827DA9F2D00194E9C /* Base */,
			);
			name = Main.storyboard;
			sourceTree = "<group>";
		};
		335ADA2C27DA9F2F00194E9C /* LaunchScreen.storyboard */ = {
			isa = PBXVariantGroup;
			children = (
				335ADA2D27DA9F2F00194E9C /* Base */,
			);
			name = LaunchScreen.storyboard;
			sourceTree = "<group>";
		};
/* End PBXVariantGroup section */

/* Begin XCBuildConfiguration section */
		335ADA3027DA9F2F00194E9C /* Debug */ = {
			isa = XCBuildConfiguration;
			buildSettings = {
				ALWAYS_SEARCH_USER_PATHS = NO;
				CLANG_ANALYZER_NONNULL = YES;
				CLANG_ANALYZER_NUMBER_OBJECT_CONVERSION = YES_AGGRESSIVE;
				CLANG_CXX_LANGUAGE_STANDARD = "gnu++17";
				CLANG_CXX_LIBRARY = "libc++";
				CLANG_ENABLE_MODULES = YES;
				CLANG_ENABLE_OBJC_ARC = YES;
				CLANG_ENABLE_OBJC_WEAK = YES;
				CLANG_WARN_BLOCK_CAPTURE_AUTORELEASING = YES;
				CLANG_WARN_BOOL_CONVERSION = YES;
				CLANG_WARN_COMMA = YES;
				CLANG_WARN_CONSTANT_CONVERSION = YES;
				CLANG_WARN_DEPRECATED_OBJC_IMPLEMENTATIONS = YES;
				CLANG_WARN_DIRECT_OBJC_ISA_USAGE = YES_ERROR;
				CLANG_WARN_DOCUMENTATION_COMMENTS = YES;
				CLANG_WARN_EMPTY_BODY = YES;
				CLANG_WARN_ENUM_CONVERSION = YES;
				CLANG_WARN_INFINITE_RECURSION = YES;
				CLANG_WARN_INT_CONVERSION = YES;
				CLANG_WARN_NON_LITERAL_NULL_CONVERSION = YES;
				CLANG_WARN_OBJC_IMPLICIT_RETAIN_SELF = YES;
				CLANG_WARN_OBJC_LITERAL_CONVERSION = YES;
				CLANG_WARN_OBJC_ROOT_CLASS = YES_ERROR;
				CLANG_WARN_QUOTED_INCLUDE_IN_FRAMEWORK_HEADER = YES;
				CLANG_WARN_RANGE_LOOP_ANALYSIS = YES;
				CLANG_WARN_STRICT_PROTOTYPES = YES;
				CLANG_WARN_SUSPICIOUS_MOVE = YES;
				CLANG_WARN_UNGUARDED_AVAILABILITY = YES_AGGRESSIVE;
				CLANG_WARN_UNREACHABLE_CODE = YES;
				CLANG_WARN__DUPLICATE_METHOD_MATCH = YES;
				COPY_PHASE_STRIP = NO;
				DEBUG_INFORMATION_FORMAT = dwarf;
				ENABLE_STRICT_OBJC_MSGSEND = YES;
				ENABLE_TESTABILITY = YES;
				GCC_C_LANGUAGE_STANDARD = gnu11;
				GCC_DYNAMIC_NO_PIC = NO;
				GCC_NO_COMMON_BLOCKS = YES;
				GCC_OPTIMIZATION_LEVEL = 0;
				GCC_PREPROCESSOR_DEFINITIONS = (
					"DEBUG=1",
					"$(inherited)",
				);
				GCC_WARN_64_TO_32_BIT_CONVERSION = YES;
				GCC_WARN_ABOUT_RETURN_TYPE = YES_ERROR;
				GCC_WARN_UNDECLARED_SELECTOR = YES;
				GCC_WARN_UNINITIALIZED_AUTOS = YES_AGGRESSIVE;
				GCC_WARN_UNUSED_FUNCTION = YES;
				GCC_WARN_UNUSED_VARIABLE = YES;
				IPHONEOS_DEPLOYMENT_TARGET = 15.2;
				MTL_ENABLE_DEBUG_INFO = INCLUDE_SOURCE;
				MTL_FAST_MATH = YES;
				ONLY_ACTIVE_ARCH = YES;
				SDKROOT = iphoneos;
				SWIFT_ACTIVE_COMPILATION_CONDITIONS = DEBUG;
				SWIFT_OPTIMIZATION_LEVEL = "-Onone";
			};
			name = Debug;
		};
		335ADA3127DA9F2F00194E9C /* Release */ = {
			isa = XCBuildConfiguration;
			buildSettings = {
				ALWAYS_SEARCH_USER_PATHS = NO;
				CLANG_ANALYZER_NONNULL = YES;
				CLANG_ANALYZER_NUMBER_OBJECT_CONVERSION = YES_AGGRESSIVE;
				CLANG_CXX_LANGUAGE_STANDARD = "gnu++17";
				CLANG_CXX_LIBRARY = "libc++";
				CLANG_ENABLE_MODULES = YES;
				CLANG_ENABLE_OBJC_ARC = YES;
				CLANG_ENABLE_OBJC_WEAK = YES;
				CLANG_WARN_BLOCK_CAPTURE_AUTORELEASING = YES;
				CLANG_WARN_BOOL_CONVERSION = YES;
				CLANG_WARN_COMMA = YES;
				CLANG_WARN_CONSTANT_CONVERSION = YES;
				CLANG_WARN_DEPRECATED_OBJC_IMPLEMENTATIONS = YES;
				CLANG_WARN_DIRECT_OBJC_ISA_USAGE = YES_ERROR;
				CLANG_WARN_DOCUMENTATION_COMMENTS = YES;
				CLANG_WARN_EMPTY_BODY = YES;
				CLANG_WARN_ENUM_CONVERSION = YES;
				CLANG_WARN_INFINITE_RECURSION = YES;
				CLANG_WARN_INT_CONVERSION = YES;
				CLANG_WARN_NON_LITERAL_NULL_CONVERSION = YES;
				CLANG_WARN_OBJC_IMPLICIT_RETAIN_SELF = YES;
				CLANG_WARN_OBJC_LITERAL_CONVERSION = YES;
				CLANG_WARN_OBJC_ROOT_CLASS = YES_ERROR;
				CLANG_WARN_QUOTED_INCLUDE_IN_FRAMEWORK_HEADER = YES;
				CLANG_WARN_RANGE_LOOP_ANALYSIS = YES;
				CLANG_WARN_STRICT_PROTOTYPES = YES;
				CLANG_WARN_SUSPICIOUS_MOVE = YES;
				CLANG_WARN_UNGUARDED_AVAILABILITY = YES_AGGRESSIVE;
				CLANG_WARN_UNREACHABLE_CODE = YES;
				CLANG_WARN__DUPLICATE_METHOD_MATCH = YES;
				COPY_PHASE_STRIP = NO;
				DEBUG_INFORMATION_FORMAT = "dwarf-with-dsym";
				ENABLE_NS_ASSERTIONS = NO;
				ENABLE_STRICT_OBJC_MSGSEND = YES;
				GCC_C_LANGUAGE_STANDARD = gnu11;
				GCC_NO_COMMON_BLOCKS = YES;
				GCC_WARN_64_TO_32_BIT_CONVERSION = YES;
				GCC_WARN_ABOUT_RETURN_TYPE = YES_ERROR;
				GCC_WARN_UNDECLARED_SELECTOR = YES;
				GCC_WARN_UNINITIALIZED_AUTOS = YES_AGGRESSIVE;
				GCC_WARN_UNUSED_FUNCTION = YES;
				GCC_WARN_UNUSED_VARIABLE = YES;
				IPHONEOS_DEPLOYMENT_TARGET = 15.2;
				MTL_ENABLE_DEBUG_INFO = NO;
				MTL_FAST_MATH = YES;
				SDKROOT = iphoneos;
				SWIFT_COMPILATION_MODE = wholemodule;
				SWIFT_OPTIMIZATION_LEVEL = "-O";
				VALIDATE_PRODUCT = YES;
			};
			name = Release;
		};
		335ADA3327DA9F2F00194E9C /* Debug */ = {
			isa = XCBuildConfiguration;
			baseConfigurationReference = E212ED190878FE82512B7222 /* Pods-2coderMovies.debug.xcconfig */;
			buildSettings = {
				ASSETCATALOG_COMPILER_APPICON_NAME = AppIcon;
				ASSETCATALOG_COMPILER_GLOBAL_ACCENT_COLOR_NAME = AccentColor;
				CODE_SIGN_STYLE = Automatic;
				CURRENT_PROJECT_VERSION = 1;
				DEVELOPMENT_TEAM = Z9U75LX3T5;
				GENERATE_INFOPLIST_FILE = YES;
				INFOPLIST_FILE = 2coderMovies/Info.plist;
				INFOPLIST_KEY_UIApplicationSupportsIndirectInputEvents = YES;
				INFOPLIST_KEY_UILaunchStoryboardName = LaunchScreen;
				INFOPLIST_KEY_UIMainStoryboardFile = Main;
				INFOPLIST_KEY_UISupportedInterfaceOrientations_iPad = "UIInterfaceOrientationPortrait UIInterfaceOrientationPortraitUpsideDown UIInterfaceOrientationLandscapeLeft UIInterfaceOrientationLandscapeRight";
				INFOPLIST_KEY_UISupportedInterfaceOrientations_iPhone = "UIInterfaceOrientationPortrait UIInterfaceOrientationLandscapeLeft UIInterfaceOrientationLandscapeRight";
				LD_RUNPATH_SEARCH_PATHS = (
					"$(inherited)",
					"@executable_path/Frameworks",
				);
				MARKETING_VERSION = 1.0;
				PRODUCT_BUNDLE_IDENTIFIER = "personal.-coderMovies";
				PRODUCT_NAME = "$(TARGET_NAME)";
				SWIFT_EMIT_LOC_STRINGS = YES;
				SWIFT_VERSION = 5.0;
				TARGETED_DEVICE_FAMILY = "1,2";
			};
			name = Debug;
		};
		335ADA3427DA9F2F00194E9C /* Release */ = {
			isa = XCBuildConfiguration;
			baseConfigurationReference = FC24E7A6283F2245698E40CB /* Pods-2coderMovies.release.xcconfig */;
			buildSettings = {
				ASSETCATALOG_COMPILER_APPICON_NAME = AppIcon;
				ASSETCATALOG_COMPILER_GLOBAL_ACCENT_COLOR_NAME = AccentColor;
				CODE_SIGN_STYLE = Automatic;
				CURRENT_PROJECT_VERSION = 1;
				DEVELOPMENT_TEAM = Z9U75LX3T5;
				GENERATE_INFOPLIST_FILE = YES;
				INFOPLIST_FILE = 2coderMovies/Info.plist;
				INFOPLIST_KEY_UIApplicationSupportsIndirectInputEvents = YES;
				INFOPLIST_KEY_UILaunchStoryboardName = LaunchScreen;
				INFOPLIST_KEY_UIMainStoryboardFile = Main;
				INFOPLIST_KEY_UISupportedInterfaceOrientations_iPad = "UIInterfaceOrientationPortrait UIInterfaceOrientationPortraitUpsideDown UIInterfaceOrientationLandscapeLeft UIInterfaceOrientationLandscapeRight";
				INFOPLIST_KEY_UISupportedInterfaceOrientations_iPhone = "UIInterfaceOrientationPortrait UIInterfaceOrientationLandscapeLeft UIInterfaceOrientationLandscapeRight";
				LD_RUNPATH_SEARCH_PATHS = (
					"$(inherited)",
					"@executable_path/Frameworks",
				);
				MARKETING_VERSION = 1.0;
				PRODUCT_BUNDLE_IDENTIFIER = "personal.-coderMovies";
				PRODUCT_NAME = "$(TARGET_NAME)";
				SWIFT_EMIT_LOC_STRINGS = YES;
				SWIFT_VERSION = 5.0;
				TARGETED_DEVICE_FAMILY = "1,2";
			};
			name = Release;
		};
/* End XCBuildConfiguration section */

/* Begin XCConfigurationList section */
		335ADA1927DA9F2D00194E9C /* Build configuration list for PBXProject "2coderMovies" */ = {
			isa = XCConfigurationList;
			buildConfigurations = (
				335ADA3027DA9F2F00194E9C /* Debug */,
				335ADA3127DA9F2F00194E9C /* Release */,
			);
			defaultConfigurationIsVisible = 0;
			defaultConfigurationName = Release;
		};
		335ADA3227DA9F2F00194E9C /* Build configuration list for PBXNativeTarget "2coderMovies" */ = {
			isa = XCConfigurationList;
			buildConfigurations = (
				335ADA3327DA9F2F00194E9C /* Debug */,
				335ADA3427DA9F2F00194E9C /* Release */,
			);
			defaultConfigurationIsVisible = 0;
			defaultConfigurationName = Release;
		};
/* End XCConfigurationList section */
	};
	rootObject = 335ADA1627DA9F2D00194E9C /* Project object */;
}
